
Microsoft Visual Studio Solution File, Format Version 12.00
# Visual Studio Version 17
VisualStudioVersion = 17.10.34916.146
MinimumVisualStudioVersion = 10.0.40219.1
Project("{8BC9CEB8-8B4A-11D0-8D11-00A0C91BC942}") = "StacjaNarciarska2", "StacjaNarciarska2\StacjaNarciarska2.vcxproj", "{12768361-0BCD-4D77-B6D1-4C50FDB5945E}"
EndProject
Global
	GlobalSection(SolutionConfigurationPlatforms) = preSolution
		Debug|x64 = Debug|x64
		Debug|x86 = Debug|x86
		Release|x64 = Release|x64
		Release|x86 = Release|x86
	EndGlobalSection
	GlobalSection(ProjectConfigurationPlatforms) = postSolution
		{12768361-0BCD-4D77-B6D1-4C50FDB5945E}.Debug|x64.ActiveCfg = Debug|x64
		{12768361-0BCD-4D77-B6D1-4C50FDB5945E}.Debug|x64.Build.0 = Debug|x64
		{12768361-0BCD-4D77-B6D1-4C50FDB5945E}.Debug|x86.ActiveCfg = Debug|Win32
		{12768361-0BCD-4D77-B6D1-4C50FDB5945E}.Debug|x86.Build.0 = Debug|Win32
		{12768361-0BCD-4D77-B6D1-4C50FDB5945E}.Release|x64.ActiveCfg = Release|x64
		{12768361-0BCD-4D77-B6D1-4C50FDB5945E}.Release|x64.Build.0 = Release|x64
		{12768361-0BCD-4D77-B6D1-4C50FDB5945E}.Release|x86.ActiveCfg = Release|Win32
		{12768361-0BCD-4D77-B6D1-4C50FDB5945E}.Release|x86.Build.0 = Release|Win32
	EndGlobalSection
	GlobalSection(SolutionProperties) = preSolution
		HideSolutionNode = FALSE
	EndGlobalSection
	GlobalSection(ExtensibilityGlobals) = postSolution
		SolutionGuid = {4EBA98C4-ACCE-4CA2-979B-9536214A6721}
	EndGlobalSection
EndGlobal
